
Microsoft Visual Studio Solution File, Format Version 12.00
# Visual Studio 15
VisualStudioVersion = 15.0.28307.2092
MinimumVisualStudioVersion = 10.0.40219.1
Project("{FAE04EC0-301F-11D3-BF4B-00C04F79EFBC}") = "Common_Substring", "Common_Substring\Common_Substring.csproj", "{AFF7C662-F035-42A5-8766-7989D37E603F}"
EndProject
Global
	GlobalSection(SolutionConfigurationPlatforms) = preSolution
		Debug|Any CPU = Debug|Any CPU
		Release|Any CPU = Release|Any CPU
	EndGlobalSection
	GlobalSection(ProjectConfigurationPlatforms) = postSolution
		{AFF7C662-F035-42A5-8766-7989D37E603F}.Debug|Any CPU.ActiveCfg = Debug|Any CPU
		{AFF7C662-F035-42A5-8766-7989D37E603F}.Debug|Any CPU.Build.0 = Debug|Any CPU
		{AFF7C662-F035-42A5-8766-7989D37E603F}.Release|Any CPU.ActiveCfg = Release|Any CPU
		{AFF7C662-F035-42A5-8766-7989D37E603F}.Release|Any CPU.Build.0 = Release|Any CPU
	EndGlobalSection
	GlobalSection(SolutionProperties) = preSolution
		HideSolutionNode = FALSE
	EndGlobalSection
	GlobalSection(ExtensibilityGlobals) = postSolution
		SolutionGuid = {F4741069-364F-409B-9BEB-A7DD0A2EFE77}
	EndGlobalSection
EndGlobal
