
Microsoft Visual Studio Solution File, Format Version 12.00
# Visual Studio 15
VisualStudioVersion = 15.0.28307.2092
MinimumVisualStudioVersion = 10.0.40219.1
Project("{FAE04EC0-301F-11D3-BF4B-00C04F79EFBC}") = "Target_Number", "Target_Number\Target_Number.csproj", "{A0953060-865C-4D38-8679-1D3CC2A2D978}"
EndProject
Global
	GlobalSection(SolutionConfigurationPlatforms) = preSolution
		Debug|Any CPU = Debug|Any CPU
		Release|Any CPU = Release|Any CPU
	EndGlobalSection
	GlobalSection(ProjectConfigurationPlatforms) = postSolution
		{A0953060-865C-4D38-8679-1D3CC2A2D978}.Debug|Any CPU.ActiveCfg = Debug|Any CPU
		{A0953060-865C-4D38-8679-1D3CC2A2D978}.Debug|Any CPU.Build.0 = Debug|Any CPU
		{A0953060-865C-4D38-8679-1D3CC2A2D978}.Release|Any CPU.ActiveCfg = Release|Any CPU
		{A0953060-865C-4D38-8679-1D3CC2A2D978}.Release|Any CPU.Build.0 = Release|Any CPU
	EndGlobalSection
	GlobalSection(SolutionProperties) = preSolution
		HideSolutionNode = FALSE
	EndGlobalSection
	GlobalSection(ExtensibilityGlobals) = postSolution
		SolutionGuid = {14DF1A4A-A54E-4D17-BFFC-CD68819DFC76}
	EndGlobalSection
EndGlobal
